
Microsoft Visual Studio Solution File, Format Version 12.00
# Visual Studio Version 16
VisualStudioVersion = 16.0.29806.167
MinimumVisualStudioVersion = 10.0.40219.1
Project("{FAE04EC0-301F-11D3-BF4B-00C04F79EFBC}") = "MobileWeather.Android", "MobileWeather\MobileWeather.Android\MobileWeather.Android.csproj", "{9E5884F6-CFFA-4473-A56B-A8C7938925C1}"
EndProject
Project("{9A19103F-16F7-4668-BE54-9A1E7A4F7556}") = "MobileWeather", "MobileWeather\MobileWeather\MobileWeather.csproj", "{9246646B-D454-4AF2-A07F-7D9BD1A2CB8A}"
EndProject
Global
	GlobalSection(SolutionConfigurationPlatforms) = preSolution
		Debug|Any CPU = Debug|Any CPU
		Debug|iPhone = Debug|iPhone
		Debug|iPhoneSimulator = Debug|iPhoneSimulator
		Release|Any CPU = Release|Any CPU
		Release|iPhone = Release|iPhone
		Release|iPhoneSimulator = Release|iPhoneSimulator
	EndGlobalSection
	GlobalSection(ProjectConfigurationPlatforms) = postSolution
		{9E5884F6-CFFA-4473-A56B-A8C7938925C1}.Debug|Any CPU.ActiveCfg = Debug|Any CPU
		{9E5884F6-CFFA-4473-A56B-A8C7938925C1}.Debug|Any CPU.Build.0 = Debug|Any CPU
		{9E5884F6-CFFA-4473-A56B-A8C7938925C1}.Debug|Any CPU.Deploy.0 = Debug|Any CPU
		{9E5884F6-CFFA-4473-A56B-A8C7938925C1}.Debug|iPhone.ActiveCfg = Debug|Any CPU
		{9E5884F6-CFFA-4473-A56B-A8C7938925C1}.Debug|iPhone.Build.0 = Debug|Any CPU
		{9E5884F6-CFFA-4473-A56B-A8C7938925C1}.Debug|iPhone.Deploy.0 = Debug|Any CPU
		{9E5884F6-CFFA-4473-A56B-A8C7938925C1}.Debug|iPhoneSimulator.ActiveCfg = Debug|Any CPU
		{9E5884F6-CFFA-4473-A56B-A8C7938925C1}.Debug|iPhoneSimulator.Build.0 = Debug|Any CPU
		{9E5884F6-CFFA-4473-A56B-A8C7938925C1}.Debug|iPhoneSimulator.Deploy.0 = Debug|Any CPU
		{9E5884F6-CFFA-4473-A56B-A8C7938925C1}.Release|Any CPU.ActiveCfg = Release|Any CPU
		{9E5884F6-CFFA-4473-A56B-A8C7938925C1}.Release|Any CPU.Build.0 = Release|Any CPU
		{9E5884F6-CFFA-4473-A56B-A8C7938925C1}.Release|Any CPU.Deploy.0 = Release|Any CPU
		{9E5884F6-CFFA-4473-A56B-A8C7938925C1}.Release|iPhone.ActiveCfg = Release|Any CPU
		{9E5884F6-CFFA-4473-A56B-A8C7938925C1}.Release|iPhone.Build.0 = Release|Any CPU
		{9E5884F6-CFFA-4473-A56B-A8C7938925C1}.Release|iPhone.Deploy.0 = Release|Any CPU
		{9E5884F6-CFFA-4473-A56B-A8C7938925C1}.Release|iPhoneSimulator.ActiveCfg = Release|Any CPU
		{9E5884F6-CFFA-4473-A56B-A8C7938925C1}.Release|iPhoneSimulator.Build.0 = Release|Any CPU
		{9E5884F6-CFFA-4473-A56B-A8C7938925C1}.Release|iPhoneSimulator.Deploy.0 = Release|Any CPU
		{9246646B-D454-4AF2-A07F-7D9BD1A2CB8A}.Debug|Any CPU.ActiveCfg = Debug|Any CPU
		{9246646B-D454-4AF2-A07F-7D9BD1A2CB8A}.Debug|Any CPU.Build.0 = Debug|Any CPU
		{9246646B-D454-4AF2-A07F-7D9BD1A2CB8A}.Debug|Any CPU.Deploy.0 = Debug|Any CPU
		{9246646B-D454-4AF2-A07F-7D9BD1A2CB8A}.Debug|iPhone.ActiveCfg = Debug|Any CPU
		{9246646B-D454-4AF2-A07F-7D9BD1A2CB8A}.Debug|iPhone.Build.0 = Debug|Any CPU
		{9246646B-D454-4AF2-A07F-7D9BD1A2CB8A}.Debug|iPhone.Deploy.0 = Debug|Any CPU
		{9246646B-D454-4AF2-A07F-7D9BD1A2CB8A}.Debug|iPhoneSimulator.ActiveCfg = Debug|Any CPU
		{9246646B-D454-4AF2-A07F-7D9BD1A2CB8A}.Debug|iPhoneSimulator.Build.0 = Debug|Any CPU
		{9246646B-D454-4AF2-A07F-7D9BD1A2CB8A}.Debug|iPhoneSimulator.Deploy.0 = Debug|Any CPU
		{9246646B-D454-4AF2-A07F-7D9BD1A2CB8A}.Release|Any CPU.ActiveCfg = Release|Any CPU
		{9246646B-D454-4AF2-A07F-7D9BD1A2CB8A}.Release|Any CPU.Build.0 = Release|Any CPU
		{9246646B-D454-4AF2-A07F-7D9BD1A2CB8A}.Release|Any CPU.Deploy.0 = Release|Any CPU
		{9246646B-D454-4AF2-A07F-7D9BD1A2CB8A}.Release|iPhone.ActiveCfg = Release|Any CPU
		{9246646B-D454-4AF2-A07F-7D9BD1A2CB8A}.Release|iPhone.Build.0 = Release|Any CPU
		{9246646B-D454-4AF2-A07F-7D9BD1A2CB8A}.Release|iPhone.Deploy.0 = Release|Any CPU
		{9246646B-D454-4AF2-A07F-7D9BD1A2CB8A}.Release|iPhoneSimulator.ActiveCfg = Release|Any CPU
		{9246646B-D454-4AF2-A07F-7D9BD1A2CB8A}.Release|iPhoneSimulator.Build.0 = Release|Any CPU
		{9246646B-D454-4AF2-A07F-7D9BD1A2CB8A}.Release|iPhoneSimulator.Deploy.0 = Release|Any CPU
	EndGlobalSection
	GlobalSection(SolutionProperties) = preSolution
		HideSolutionNode = FALSE
	EndGlobalSection
	GlobalSection(ExtensibilityGlobals) = postSolution
		SolutionGuid = {0D229C44-F38D-4A3A-A66C-3D8C707C44F1}
	EndGlobalSection
EndGlobal
